
Microsoft Visual Studio Solution File, Format Version 12.00
# Visual Studio Version 17
VisualStudioVersion = 17.3.32819.101
MinimumVisualStudioVersion = 10.0.40219.1
Project("{FAE04EC0-301F-11D3-BF4B-00C04F79EFBC}") = "Auth", "Auth\Auth.csproj", "{4EDF8E3D-77DA-4621-917D-0580BA33A0D5}"
EndProject
Global
	GlobalSection(SolutionConfigurationPlatforms) = preSolution
		Debug|Any CPU = Debug|Any CPU
		Release|Any CPU = Release|Any CPU
	EndGlobalSection
	GlobalSection(ProjectConfigurationPlatforms) = postSolution
		{4EDF8E3D-77DA-4621-917D-0580BA33A0D5}.Debug|Any CPU.ActiveCfg = Debug|Any CPU
		{4EDF8E3D-77DA-4621-917D-0580BA33A0D5}.Debug|Any CPU.Build.0 = Debug|Any CPU
		{4EDF8E3D-77DA-4621-917D-0580BA33A0D5}.Release|Any CPU.ActiveCfg = Release|Any CPU
		{4EDF8E3D-77DA-4621-917D-0580BA33A0D5}.Release|Any CPU.Build.0 = Release|Any CPU
	EndGlobalSection
	GlobalSection(SolutionProperties) = preSolution
		HideSolutionNode = FALSE
	EndGlobalSection
	GlobalSection(ExtensibilityGlobals) = postSolution
		SolutionGuid = {ECAA0EB7-4FCE-4DB7-AC45-3B2F69245BA2}
	EndGlobalSection
EndGlobal
